{
  "name": "qr",
  "version": "0.0.0",
  "lockfileVersion": 1,
  "requires": true,
  "dependencies": {
    "ua-parser-js": {
      "version": "0.7.19",
      "resolved": "https://artifactory.spectrumtoolbox.com:443/artifactory/api/npm/npm/ua-parser-js/-/ua-parser-js-0.7.19.tgz",
      "integrity": "sha1-lBUb5MCn+x0AGvcCL9rKRkJlnks="
    }
  }
}
